// !$*UTF8*$!
{
	archiveVersion = 1;
	classes = {
	};
	objectVersion = 46;
	objects = {

/* Begin PBXBuildFile section */
		2527642F1D4F50F10078C143 /* YMSettingHeaderView.swift in Sources */ = {isa = PBXBuildFile; fileRef = 2527642E1D4F50F10078C143 /* YMSettingHeaderView.swift */; };
		252764311D4F50FB0078C143 /* YMSettingHeaderView.xib in Resources */ = {isa = PBXBuildFile; fileRef = 252764301D4F50FB0078C143 /* YMSettingHeaderView.xib */; };
		827E87E6C347D72EEA480634 /* Pods_TodayNews.framework in Frameworks */ = {isa = PBXBuildFile; fileRef = 4486ED8A9D71B92D386525D6 /* Pods_TodayNews.framework */; };
		940FC7641D4E48A900F53ADE /* YMMineNoLoginHeaderView.swift in Sources */ = {isa = PBXBuildFile; fileRef = 940FC7631D4E48A900F53ADE /* YMMineNoLoginHeaderView.swift */; };
		947564771D4B86FE00AC6B72 /* Assets.xcassets in Resources */ = {isa = PBXBuildFile; fileRef = 947564761D4B86FE00AC6B72 /* Assets.xcassets */; };
		9475647A1D4B86FE00AC6B72 /* LaunchScreen.storyboard in Resources */ = {isa = PBXBuildFile; fileRef = 947564781D4B86FE00AC6B72 /* LaunchScreen.storyboard */; };
		947564851D4B86FE00AC6B72 /* TodayNewsTests.swift in Sources */ = {isa = PBXBuildFile; fileRef = 947564841D4B86FE00AC6B72 /* TodayNewsTests.swift */; };
		947564901D4B86FE00AC6B72 /* TodayNewsUITests.swift in Sources */ = {isa = PBXBuildFile; fileRef = 9475648F1D4B86FE00AC6B72 /* TodayNewsUITests.swift */; };
		947564EA1D4BADD500AC6B72 /* YMHomeViewController.swift in Sources */ = {isa = PBXBuildFile; fileRef = 947564CF1D4BADD500AC6B72 /* YMHomeViewController.swift */; };
		947564EB1D4BADD500AC6B72 /* YMBaseViewController.swift in Sources */ = {isa = PBXBuildFile; fileRef = 947564D51D4BADD500AC6B72 /* YMBaseViewController.swift */; };
		947564EC1D4BADD500AC6B72 /* YMNavigationController.swift in Sources */ = {isa = PBXBuildFile; fileRef = 947564D61D4BADD500AC6B72 /* YMNavigationController.swift */; };
		947564ED1D4BADD500AC6B72 /* YMTabBarController.swift in Sources */ = {isa = PBXBuildFile; fileRef = 947564D71D4BADD500AC6B72 /* YMTabBarController.swift */; };
		947564EE1D4BADD500AC6B72 /* AppDelegate.swift in Sources */ = {isa = PBXBuildFile; fileRef = 947564D91D4BADD500AC6B72 /* AppDelegate.swift */; };
		947564EF1D4BADD500AC6B72 /* YMMineViewController.swift in Sources */ = {isa = PBXBuildFile; fileRef = 947564DD1D4BADD500AC6B72 /* YMMineViewController.swift */; };
		947564F01D4BADD500AC6B72 /* YMNewCareViewController.swift in Sources */ = {isa = PBXBuildFile; fileRef = 947564E21D4BADD500AC6B72 /* YMNewCareViewController.swift */; };
		947564F11D4BADD500AC6B72 /* YMVideoViewController.swift in Sources */ = {isa = PBXBuildFile; fileRef = 947564E71D4BADD500AC6B72 /* YMVideoViewController.swift */; };
		947564F31D4C269D00AC6B72 /* YMVerticalButton.swift in Sources */ = {isa = PBXBuildFile; fileRef = 947564F21D4C269D00AC6B72 /* YMVerticalButton.swift */; };
		947564F71D4C274100AC6B72 /* YMConst.swift in Sources */ = {isa = PBXBuildFile; fileRef = 947564F61D4C274100AC6B72 /* YMConst.swift */; };
		947564F91D4C274C00AC6B72 /* UIView+Extension.swift in Sources */ = {isa = PBXBuildFile; fileRef = 947564F81D4C274C00AC6B72 /* UIView+Extension.swift */; };
		947564FB1D4C299C00AC6B72 /* YMMineHeaderView.swift in Sources */ = {isa = PBXBuildFile; fileRef = 947564FA1D4C299C00AC6B72 /* YMMineHeaderView.swift */; };
		947564FD1D4C2AA500AC6B72 /* YMMineHeaderBottomView.swift in Sources */ = {isa = PBXBuildFile; fileRef = 947564FC1D4C2AA500AC6B72 /* YMMineHeaderBottomView.swift */; };
		947564FF1D4C2BD600AC6B72 /* YMMineHeaderIconButton.swift in Sources */ = {isa = PBXBuildFile; fileRef = 947564FE1D4C2BD600AC6B72 /* YMMineHeaderIconButton.swift */; };
		947565021D4C2EE800AC6B72 /* YMMineCell.swift in Sources */ = {isa = PBXBuildFile; fileRef = 947565001D4C2EE800AC6B72 /* YMMineCell.swift */; };
		947565031D4C2EE800AC6B72 /* YMMineCell.xib in Resources */ = {isa = PBXBuildFile; fileRef = 947565011D4C2EE800AC6B72 /* YMMineCell.xib */; };
		947565051D4C3AA600AC6B72 /* YMMineCellPlist.plist in Resources */ = {isa = PBXBuildFile; fileRef = 947565041D4C3AA600AC6B72 /* YMMineCellPlist.plist */; };
		947565071D4C3BD100AC6B72 /* YMMineCellModel.swift in Sources */ = {isa = PBXBuildFile; fileRef = 947565061D4C3BD100AC6B72 /* YMMineCellModel.swift */; };
		947565091D4C568100AC6B72 /* YMCollectionViewController.swift in Sources */ = {isa = PBXBuildFile; fileRef = 947565081D4C568100AC6B72 /* YMCollectionViewController.swift */; };
		9475650B1D4C584C00AC6B72 /* YMSettingViewController.swift in Sources */ = {isa = PBXBuildFile; fileRef = 9475650A1D4C584C00AC6B72 /* YMSettingViewController.swift */; };
		9475650D1D4C5AA500AC6B72 /* YMSettingPlist.plist in Resources */ = {isa = PBXBuildFile; fileRef = 9475650C1D4C5AA500AC6B72 /* YMSettingPlist.plist */; };
		9475650F1D4CAC8E00AC6B72 /* YMSettingModel.swift in Sources */ = {isa = PBXBuildFile; fileRef = 9475650E1D4CAC8E00AC6B72 /* YMSettingModel.swift */; };
		947565121D4CAD8400AC6B72 /* YMSettingCell.swift in Sources */ = {isa = PBXBuildFile; fileRef = 947565101D4CAD8400AC6B72 /* YMSettingCell.swift */; };
		947565131D4CAD8400AC6B72 /* YMSettingCell.xib in Resources */ = {isa = PBXBuildFile; fileRef = 947565111D4CAD8400AC6B72 /* YMSettingCell.xib */; };
		947565151D4CB85D00AC6B72 /* YMAccountManageController.swift in Sources */ = {isa = PBXBuildFile; fileRef = 947565141D4CB85D00AC6B72 /* YMAccountManageController.swift */; };
		947565181D4CBCAA00AC6B72 /* YMAccountCell.swift in Sources */ = {isa = PBXBuildFile; fileRef = 947565161D4CBCAA00AC6B72 /* YMAccountCell.swift */; };
		947565191D4CBCAA00AC6B72 /* YMAccountCell.xib in Resources */ = {isa = PBXBuildFile; fileRef = 947565171D4CBCAA00AC6B72 /* YMAccountCell.xib */; };
		9475651B1D4CC2A900AC6B72 /* YMAutoPlayVideoController.swift in Sources */ = {isa = PBXBuildFile; fileRef = 9475651A1D4CC2A900AC6B72 /* YMAutoPlayVideoController.swift */; };
		9475651E1D4CC3B700AC6B72 /* YMHelpViewController.swift in Sources */ = {isa = PBXBuildFile; fileRef = 9475651C1D4CC3B700AC6B72 /* YMHelpViewController.swift */; };
		9475651F1D4CC3B700AC6B72 /* YMHelpViewController.xib in Resources */ = {isa = PBXBuildFile; fileRef = 9475651D1D4CC3B700AC6B72 /* YMHelpViewController.xib */; };
		947565251D4CF3E900AC6B72 /* YMNetworkTool.swift in Sources */ = {isa = PBXBuildFile; fileRef = 947565241D4CF3E900AC6B72 /* YMNetworkTool.swift */; };
		947565281D4CF90600AC6B72 /* YMNewCareTopCell.swift in Sources */ = {isa = PBXBuildFile; fileRef = 947565261D4CF90600AC6B72 /* YMNewCareTopCell.swift */; };
		947565291D4CF90600AC6B72 /* YMNewCareTopCell.xib in Resources */ = {isa = PBXBuildFile; fileRef = 947565271D4CF90600AC6B72 /* YMNewCareTopCell.xib */; };
		9475652C1D4CFAD600AC6B72 /* YMNewCareBottomCell.swift in Sources */ = {isa = PBXBuildFile; fileRef = 9475652A1D4CFAD600AC6B72 /* YMNewCareBottomCell.swift */; };
		9475652D1D4CFAD600AC6B72 /* YMNewCareBottomCell.xib in Resources */ = {isa = PBXBuildFile; fileRef = 9475652B1D4CFAD600AC6B72 /* YMNewCareBottomCell.xib */; };
		9475652F1D4D7EC500AC6B72 /* YMCareheaderView.swift in Sources */ = {isa = PBXBuildFile; fileRef = 9475652E1D4D7EC500AC6B72 /* YMCareheaderView.swift */; };
/* End PBXBuildFile section */

/* Begin PBXContainerItemProxy section */
		947564811D4B86FE00AC6B72 /* PBXContainerItemProxy */ = {
			isa = PBXContainerItemProxy;
			containerPortal = 947564641D4B86FE00AC6B72 /* Project object */;
			proxyType = 1;
			remoteGlobalIDString = 9475646B1D4B86FE00AC6B72;
			remoteInfo = TodayNews;
		};
		9475648C1D4B86FE00AC6B72 /* PBXContainerItemProxy */ = {
			isa = PBXContainerItemProxy;
			containerPortal = 947564641D4B86FE00AC6B72 /* Project object */;
			proxyType = 1;
			remoteGlobalIDString = 9475646B1D4B86FE00AC6B72;
			remoteInfo = TodayNews;
		};
/* End PBXContainerItemProxy section */

/* Begin PBXFileReference section */
		14DB40818E01E6EB10374E82 /* Pods-TodayNews.release.xcconfig */ = {isa = PBXFileReference; includeInIndex = 1; lastKnownFileType = text.xcconfig; name = "Pods-TodayNews.release.xcconfig"; path = "Pods/Target Support Files/Pods-TodayNews/Pods-TodayNews.release.xcconfig"; sourceTree = "<group>"; };
		2527642E1D4F50F10078C143 /* YMSettingHeaderView.swift */ = {isa = PBXFileReference; fileEncoding = 4; lastKnownFileType = sourcecode.swift; path = YMSettingHeaderView.swift; sourceTree = "<group>"; };
		252764301D4F50FB0078C143 /* YMSettingHeaderView.xib */ = {isa = PBXFileReference; fileEncoding = 4; lastKnownFileType = file.xib; path = YMSettingHeaderView.xib; sourceTree = "<group>"; };
		4486ED8A9D71B92D386525D6 /* Pods_TodayNews.framework */ = {isa = PBXFileReference; explicitFileType = wrapper.framework; includeInIndex = 0; path = Pods_TodayNews.framework; sourceTree = BUILT_PRODUCTS_DIR; };
		940FC7631D4E48A900F53ADE /* YMMineNoLoginHeaderView.swift */ = {isa = PBXFileReference; fileEncoding = 4; lastKnownFileType = sourcecode.swift; path = YMMineNoLoginHeaderView.swift; sourceTree = "<group>"; };
		9475646C1D4B86FE00AC6B72 /* TodayNews.app */ = {isa = PBXFileReference; explicitFileType = wrapper.application; includeInIndex = 0; path = TodayNews.app; sourceTree = BUILT_PRODUCTS_DIR; };
		947564761D4B86FE00AC6B72 /* Assets.xcassets */ = {isa = PBXFileReference; lastKnownFileType = folder.assetcatalog; path = Assets.xcassets; sourceTree = "<group>"; };
		947564791D4B86FE00AC6B72 /* Base */ = {isa = PBXFileReference; lastKnownFileType = file.storyboard; name = Base; path = Base.lproj/LaunchScreen.storyboard; sourceTree = "<group>"; };
		9475647B1D4B86FE00AC6B72 /* Info.plist */ = {isa = PBXFileReference; lastKnownFileType = text.plist.xml; name = Info.plist; path = ../../../Info.plist; sourceTree = "<group>"; };
		947564801D4B86FE00AC6B72 /* TodayNewsTests.xctest */ = {isa = PBXFileReference; explicitFileType = wrapper.cfbundle; includeInIndex = 0; path = TodayNewsTests.xctest; sourceTree = BUILT_PRODUCTS_DIR; };
		947564841D4B86FE00AC6B72 /* TodayNewsTests.swift */ = {isa = PBXFileReference; lastKnownFileType = sourcecode.swift; path = TodayNewsTests.swift; sourceTree = "<group>"; };
		947564861D4B86FE00AC6B72 /* Info.plist */ = {isa = PBXFileReference; lastKnownFileType = text.plist.xml; path = Info.plist; sourceTree = "<group>"; };
		9475648B1D4B86FE00AC6B72 /* TodayNewsUITests.xctest */ = {isa = PBXFileReference; explicitFileType = wrapper.cfbundle; includeInIndex = 0; path = TodayNewsUITests.xctest; sourceTree = BUILT_PRODUCTS_DIR; };
		9475648F1D4B86FE00AC6B72 /* TodayNewsUITests.swift */ = {isa = PBXFileReference; lastKnownFileType = sourcecode.swift; path = TodayNewsUITests.swift; sourceTree = "<group>"; };
		947564911D4B86FE00AC6B72 /* Info.plist */ = {isa = PBXFileReference; lastKnownFileType = text.plist.xml; path = Info.plist; sourceTree = "<group>"; };
		947564CF1D4BADD500AC6B72 /* YMHomeViewController.swift */ = {isa = PBXFileReference; fileEncoding = 4; lastKnownFileType = sourcecode.swift; path = YMHomeViewController.swift; sourceTree = "<group>"; };
		947564D51D4BADD500AC6B72 /* YMBaseViewController.swift */ = {isa = PBXFileReference; fileEncoding = 4; lastKnownFileType = sourcecode.swift; path = YMBaseViewController.swift; sourceTree = "<group>"; };
		947564D61D4BADD500AC6B72 /* YMNavigationController.swift */ = {isa = PBXFileReference; fileEncoding = 4; lastKnownFileType = sourcecode.swift; path = YMNavigationController.swift; sourceTree = "<group>"; };
		947564D71D4BADD500AC6B72 /* YMTabBarController.swift */ = {isa = PBXFileReference; fileEncoding = 4; lastKnownFileType = sourcecode.swift; path = YMTabBarController.swift; sourceTree = "<group>"; };
		947564D91D4BADD500AC6B72 /* AppDelegate.swift */ = {isa = PBXFileReference; fileEncoding = 4; lastKnownFileType = sourcecode.swift; path = AppDelegate.swift; sourceTree = "<group>"; };
		947564DD1D4BADD500AC6B72 /* YMMineViewController.swift */ = {isa = PBXFileReference; fileEncoding = 4; lastKnownFileType = sourcecode.swift; path = YMMineViewController.swift; sourceTree = "<group>"; };
		947564E21D4BADD500AC6B72 /* YMNewCareViewController.swift */ = {isa = PBXFileReference; fileEncoding = 4; lastKnownFileType = sourcecode.swift; path = YMNewCareViewController.swift; sourceTree = "<group>"; };
		947564E71D4BADD500AC6B72 /* YMVideoViewController.swift */ = {isa = PBXFileReference; fileEncoding = 4; lastKnownFileType = sourcecode.swift; path = YMVideoViewController.swift; sourceTree = "<group>"; };
		947564F21D4C269D00AC6B72 /* YMVerticalButton.swift */ = {isa = PBXFileReference; fileEncoding = 4; lastKnownFileType = sourcecode.swift; path = YMVerticalButton.swift; sourceTree = "<group>"; };
		947564F61D4C274100AC6B72 /* YMConst.swift */ = {isa = PBXFileReference; fileEncoding = 4; lastKnownFileType = sourcecode.swift; path = YMConst.swift; sourceTree = "<group>"; };
		947564F81D4C274C00AC6B72 /* UIView+Extension.swift */ = {isa = PBXFileReference; fileEncoding = 4; lastKnownFileType = sourcecode.swift; path = "UIView+Extension.swift"; sourceTree = "<group>"; };
		947564FA1D4C299C00AC6B72 /* YMMineHeaderView.swift */ = {isa = PBXFileReference; fileEncoding = 4; lastKnownFileType = sourcecode.swift; path = YMMineHeaderView.swift; sourceTree = "<group>"; };
		947564FC1D4C2AA500AC6B72 /* YMMineHeaderBottomView.swift */ = {isa = PBXFileReference; fileEncoding = 4; lastKnownFileType = sourcecode.swift; path = YMMineHeaderBottomView.swift; sourceTree = "<group>"; };
		947564FE1D4C2BD600AC6B72 /* YMMineHeaderIconButton.swift */ = {isa = PBXFileReference; fileEncoding = 4; lastKnownFileType = sourcecode.swift; path = YMMineHeaderIconButton.swift; sourceTree = "<group>"; };
		947565001D4C2EE800AC6B72 /* YMMineCell.swift */ = {isa = PBXFileReference; fileEncoding = 4; lastKnownFileType = sourcecode.swift; path = YMMineCell.swift; sourceTree = "<group>"; };
		947565011D4C2EE800AC6B72 /* YMMineCell.xib */ = {isa = PBXFileReference; fileEncoding = 4; lastKnownFileType = file.xib; path = YMMineCell.xib; sourceTree = "<group>"; };
		947565041D4C3AA600AC6B72 /* YMMineCellPlist.plist */ = {isa = PBXFileReference; fileEncoding = 4; lastKnownFileType = text.plist.xml; path = YMMineCellPlist.plist; sourceTree = "<group>"; };
		947565061D4C3BD100AC6B72 /* YMMineCellModel.swift */ = {isa = PBXFileReference; fileEncoding = 4; lastKnownFileType = sourcecode.swift; path = YMMineCellModel.swift; sourceTree = "<group>"; };
		947565081D4C568100AC6B72 /* YMCollectionViewController.swift */ = {isa = PBXFileReference; fileEncoding = 4; lastKnownFileType = sourcecode.swift; path = YMCollectionViewController.swift; sourceTree = "<group>"; };
		9475650A1D4C584C00AC6B72 /* YMSettingViewController.swift */ = {isa = PBXFileReference; fileEncoding = 4; lastKnownFileType = sourcecode.swift; path = YMSettingViewController.swift; sourceTree = "<group>"; };
		9475650C1D4C5AA500AC6B72 /* YMSettingPlist.plist */ = {isa = PBXFileReference; fileEncoding = 4; lastKnownFileType = text.plist.xml; path = YMSettingPlist.plist; sourceTree = "<group>"; };
		9475650E1D4CAC8E00AC6B72 /* YMSettingModel.swift */ = {isa = PBXFileReference; fileEncoding = 4; lastKnownFileType = sourcecode.swift; path = YMSettingModel.swift; sourceTree = "<group>"; };
		947565101D4CAD8400AC6B72 /* YMSettingCell.swift */ = {isa = PBXFileReference; fileEncoding = 4; lastKnownFileType = sourcecode.swift; path = YMSettingCell.swift; sourceTree = "<group>"; };
		947565111D4CAD8400AC6B72 /* YMSettingCell.xib */ = {isa = PBXFileReference; fileEncoding = 4; lastKnownFileType = file.xib; path = YMSettingCell.xib; sourceTree = "<group>"; };
		947565141D4CB85D00AC6B72 /* YMAccountManageController.swift */ = {isa = PBXFileReference; fileEncoding = 4; lastKnownFileType = sourcecode.swift; path = YMAccountManageController.swift; sourceTree = "<group>"; };
		947565161D4CBCAA00AC6B72 /* YMAccountCell.swift */ = {isa = PBXFileReference; fileEncoding = 4; lastKnownFileType = sourcecode.swift; path = YMAccountCell.swift; sourceTree = "<group>"; };
		947565171D4CBCAA00AC6B72 /* YMAccountCell.xib */ = {isa = PBXFileReference; fileEncoding = 4; lastKnownFileType = file.xib; path = YMAccountCell.xib; sourceTree = "<group>"; };
		9475651A1D4CC2A900AC6B72 /* YMAutoPlayVideoController.swift */ = {isa = PBXFileReference; fileEncoding = 4; lastKnownFileType = sourcecode.swift; path = YMAutoPlayVideoController.swift; sourceTree = "<group>"; };
		9475651C1D4CC3B700AC6B72 /* YMHelpViewController.swift */ = {isa = PBXFileReference; fileEncoding = 4; lastKnownFileType = sourcecode.swift; path = YMHelpViewController.swift; sourceTree = "<group>"; };
		9475651D1D4CC3B700AC6B72 /* YMHelpViewController.xib */ = {isa = PBXFileReference; fileEncoding = 4; lastKnownFileType = file.xib; path = YMHelpViewController.xib; sourceTree = "<group>"; };
		947565241D4CF3E900AC6B72 /* YMNetworkTool.swift */ = {isa = PBXFileReference; fileEncoding = 4; lastKnownFileType = sourcecode.swift; path = YMNetworkTool.swift; sourceTree = "<group>"; };
		947565261D4CF90600AC6B72 /* YMNewCareTopCell.swift */ = {isa = PBXFileReference; fileEncoding = 4; lastKnownFileType = sourcecode.swift; path = YMNewCareTopCell.swift; sourceTree = "<group>"; };
		947565271D4CF90600AC6B72 /* YMNewCareTopCell.xib */ = {isa = PBXFileReference; fileEncoding = 4; lastKnownFileType = file.xib; path = YMNewCareTopCell.xib; sourceTree = "<group>"; };
		9475652A1D4CFAD600AC6B72 /* YMNewCareBottomCell.swift */ = {isa = PBXFileReference; fileEncoding = 4; lastKnownFileType = sourcecode.swift; path = YMNewCareBottomCell.swift; sourceTree = "<group>"; };
		9475652B1D4CFAD600AC6B72 /* YMNewCareBottomCell.xib */ = {isa = PBXFileReference; fileEncoding = 4; lastKnownFileType = file.xib; path = YMNewCareBottomCell.xib; sourceTree = "<group>"; };
		9475652E1D4D7EC500AC6B72 /* YMCareheaderView.swift */ = {isa = PBXFileReference; fileEncoding = 4; lastKnownFileType = sourcecode.swift; path = YMCareheaderView.swift; sourceTree = "<group>"; };
		FC9B11AC2D7AFCE523D16496 /* Pods-TodayNews.debug.xcconfig */ = {isa = PBXFileReference; includeInIndex = 1; lastKnownFileType = text.xcconfig; name = "Pods-TodayNews.debug.xcconfig"; path = "Pods/Target Support Files/Pods-TodayNews/Pods-TodayNews.debug.xcconfig"; sourceTree = "<group>"; };
/* End PBXFileReference section */

/* Begin PBXFrameworksBuildPhase section */
		947564691D4B86FE00AC6B72 /* Frameworks */ = {
			isa = PBXFrameworksBuildPhase;
			buildActionMask = 2147483647;
			files = (
				827E87E6C347D72EEA480634 /* Pods_TodayNews.framework in Frameworks */,
			);
			runOnlyForDeploymentPostprocessing = 0;
		};
		9475647D1D4B86FE00AC6B72 /* Frameworks */ = {
			isa = PBXFrameworksBuildPhase;
			buildActionMask = 2147483647;
			files = (
			);
			runOnlyForDeploymentPostprocessing = 0;
		};
		947564881D4B86FE00AC6B72 /* Frameworks */ = {
			isa = PBXFrameworksBuildPhase;
			buildActionMask = 2147483647;
			files = (
			);
			runOnlyForDeploymentPostprocessing = 0;
		};
/* End PBXFrameworksBuildPhase section */

/* Begin PBXGroup section */
		585A25A5DE5288CE04F805E4 /* Pods */ = {
			isa = PBXGroup;
			children = (
				FC9B11AC2D7AFCE523D16496 /* Pods-TodayNews.debug.xcconfig */,
				14DB40818E01E6EB10374E82 /* Pods-TodayNews.release.xcconfig */,
			);
			name = Pods;
			sourceTree = "<group>";
		};
		733BAAA662C622C201411266 /* Frameworks */ = {
			isa = PBXGroup;
			children = (
				4486ED8A9D71B92D386525D6 /* Pods_TodayNews.framework */,
			);
			name = Frameworks;
			sourceTree = "<group>";
		};
		947564631D4B86FE00AC6B72 = {
			isa = PBXGroup;
			children = (
				9475646E1D4B86FE00AC6B72 /* TodayNews */,
				947564831D4B86FE00AC6B72 /* TodayNewsTests */,
				9475648E1D4B86FE00AC6B72 /* TodayNewsUITests */,
				9475646D1D4B86FE00AC6B72 /* Products */,
				585A25A5DE5288CE04F805E4 /* Pods */,
				733BAAA662C622C201411266 /* Frameworks */,
			);
			sourceTree = "<group>";
		};
		9475646D1D4B86FE00AC6B72 /* Products */ = {
			isa = PBXGroup;
			children = (
				9475646C1D4B86FE00AC6B72 /* TodayNews.app */,
				947564801D4B86FE00AC6B72 /* TodayNewsTests.xctest */,
				9475648B1D4B86FE00AC6B72 /* TodayNewsUITests.xctest */,
			);
			name = Products;
			sourceTree = "<group>";
		};
		9475646E1D4B86FE00AC6B72 /* TodayNews */ = {
			isa = PBXGroup;
			children = (
				947564CC1D4BADD500AC6B72 /* Classes */,
				947564761D4B86FE00AC6B72 /* Assets.xcassets */,
			);
			path = TodayNews;
			sourceTree = "<group>";
		};
		947564831D4B86FE00AC6B72 /* TodayNewsTests */ = {
			isa = PBXGroup;
			children = (
				947564841D4B86FE00AC6B72 /* TodayNewsTests.swift */,
				947564861D4B86FE00AC6B72 /* Info.plist */,
			);
			path = TodayNewsTests;
			sourceTree = "<group>";
		};
		9475648E1D4B86FE00AC6B72 /* TodayNewsUITests */ = {
			isa = PBXGroup;
			children = (
				9475648F1D4B86FE00AC6B72 /* TodayNewsUITests.swift */,
				947564911D4B86FE00AC6B72 /* Info.plist */,
			);
			path = TodayNewsUITests;
			sourceTree = "<group>";
		};
		947564CC1D4BADD500AC6B72 /* Classes */ = {
			isa = PBXGroup;
			children = (
				947564CD1D4BADD500AC6B72 /* Home(首页) */,
				947564D21D4BADD500AC6B72 /* Main(主要) */,
				947564DB1D4BADD500AC6B72 /* Mine(我的) */,
				947564E01D4BADD500AC6B72 /* NewCare(关心) */,
				947564E51D4BADD500AC6B72 /* Video(视频) */,
			);
			path = Classes;
			sourceTree = "<group>";
		};
		947564CD1D4BADD500AC6B72 /* Home(首页) */ = {
			isa = PBXGroup;
			children = (
				947564CE1D4BADD500AC6B72 /* Controller */,
				947564D01D4BADD500AC6B72 /* Model */,
				947564D11D4BADD500AC6B72 /* View */,
			);
			path = "Home(首页)";
			sourceTree = "<group>";
		};
		947564CE1D4BADD500AC6B72 /* Controller */ = {
			isa = PBXGroup;
			children = (
				947564CF1D4BADD500AC6B72 /* YMHomeViewController.swift */,
			);
			path = Controller;
			sourceTree = "<group>";
		};
		947564D01D4BADD500AC6B72 /* Model */ = {
			isa = PBXGroup;
			children = (
			);
			path = Model;
			sourceTree = "<group>";
		};
		947564D11D4BADD500AC6B72 /* View */ = {
			isa = PBXGroup;
			children = (
			);
			path = View;
			sourceTree = "<group>";
		};
		947564D21D4BADD500AC6B72 /* Main(主要) */ = {
			isa = PBXGroup;
			children = (
				947564D31D4BADD500AC6B72 /* Category */,
				947564D41D4BADD500AC6B72 /* Controller */,
				947564D81D4BADD500AC6B72 /* Other */,
				947564DA1D4BADD500AC6B72 /* Tools */,
			);
			path = "Main(主要)";
			sourceTree = "<group>";
		};
		947564D31D4BADD500AC6B72 /* Category */ = {
			isa = PBXGroup;
			children = (
				947564F81D4C274C00AC6B72 /* UIView+Extension.swift */,
			);
			path = Category;
			sourceTree = "<group>";
		};
		947564D41D4BADD500AC6B72 /* Controller */ = {
			isa = PBXGroup;
			children = (
				947564D51D4BADD500AC6B72 /* YMBaseViewController.swift */,
				947564D61D4BADD500AC6B72 /* YMNavigationController.swift */,
				947564D71D4BADD500AC6B72 /* YMTabBarController.swift */,
			);
			path = Controller;
			sourceTree = "<group>";
		};
		947564D81D4BADD500AC6B72 /* Other */ = {
			isa = PBXGroup;
			children = (
				947564D91D4BADD500AC6B72 /* AppDelegate.swift */,
				9475647B1D4B86FE00AC6B72 /* Info.plist */,
				947564781D4B86FE00AC6B72 /* LaunchScreen.storyboard */,
				947565041D4C3AA600AC6B72 /* YMMineCellPlist.plist */,
				9475650C1D4C5AA500AC6B72 /* YMSettingPlist.plist */,
			);
			path = Other;
			sourceTree = "<group>";
		};
		947564DA1D4BADD500AC6B72 /* Tools */ = {
			isa = PBXGroup;
			children = (
				947564F61D4C274100AC6B72 /* YMConst.swift */,
				947565241D4CF3E900AC6B72 /* YMNetworkTool.swift */,
			);
			path = Tools;
			sourceTree = "<group>";
		};
		947564DB1D4BADD500AC6B72 /* Mine(我的) */ = {
			isa = PBXGroup;
			children = (
				947564DC1D4BADD500AC6B72 /* Controller */,
				947564DE1D4BADD500AC6B72 /* Model */,
				947564DF1D4BADD500AC6B72 /* View */,
			);
			path = "Mine(我的)";
			sourceTree = "<group>";
		};
		947564DC1D4BADD500AC6B72 /* Controller */ = {
			isa = PBXGroup;
			children = (
				947564DD1D4BADD500AC6B72 /* YMMineViewController.swift */,
				947565081D4C568100AC6B72 /* YMCollectionViewController.swift */,
				9475650A1D4C584C00AC6B72 /* YMSettingViewController.swift */,
				947565141D4CB85D00AC6B72 /* YMAccountManageController.swift */,
				9475651A1D4CC2A900AC6B72 /* YMAutoPlayVideoController.swift */,
				9475651C1D4CC3B700AC6B72 /* YMHelpViewController.swift */,
				9475651D1D4CC3B700AC6B72 /* YMHelpViewController.xib */,
			);
			path = Controller;
			sourceTree = "<group>";
		};
		947564DE1D4BADD500AC6B72 /* Model */ = {
			isa = PBXGroup;
			children = (
				947565061D4C3BD100AC6B72 /* YMMineCellModel.swift */,
				9475650E1D4CAC8E00AC6B72 /* YMSettingModel.swift */,
			);
			path = Model;
			sourceTree = "<group>";
		};
		947564DF1D4BADD500AC6B72 /* View */ = {
			isa = PBXGroup;
			children = (
				947564F21D4C269D00AC6B72 /* YMVerticalButton.swift */,
				947564FA1D4C299C00AC6B72 /* YMMineHeaderView.swift */,
				940FC7631D4E48A900F53ADE /* YMMineNoLoginHeaderView.swift */,
				947564FC1D4C2AA500AC6B72 /* YMMineHeaderBottomView.swift */,
				947564FE1D4C2BD600AC6B72 /* YMMineHeaderIconButton.swift */,
				947565001D4C2EE800AC6B72 /* YMMineCell.swift */,
				947565011D4C2EE800AC6B72 /* YMMineCell.xib */,
				947565101D4CAD8400AC6B72 /* YMSettingCell.swift */,
				947565111D4CAD8400AC6B72 /* YMSettingCell.xib */,
				947565161D4CBCAA00AC6B72 /* YMAccountCell.swift */,
				947565171D4CBCAA00AC6B72 /* YMAccountCell.xib */,
				2527642E1D4F50F10078C143 /* YMSettingHeaderView.swift */,
				252764301D4F50FB0078C143 /* YMSettingHeaderView.xib */,
			);
			path = View;
			sourceTree = "<group>";
		};
		947564E01D4BADD500AC6B72 /* NewCare(关心) */ = {
			isa = PBXGroup;
			children = (
				947564E11D4BADD500AC6B72 /* Controller */,
				947564E31D4BADD500AC6B72 /* Model */,
				947564E41D4BADD500AC6B72 /* View */,
			);
			path = "NewCare(关心)";
			sourceTree = "<group>";
		};
		947564E11D4BADD500AC6B72 /* Controller */ = {
			isa = PBXGroup;
			children = (
				947564E21D4BADD500AC6B72 /* YMNewCareViewController.swift */,
			);
			path = Controller;
			sourceTree = "<group>";
		};
		947564E31D4BADD500AC6B72 /* Model */ = {
			isa = PBXGroup;
			children = (
			);
			path = Model;
			sourceTree = "<group>";
		};
		947564E41D4BADD500AC6B72 /* View */ = {
			isa = PBXGroup;
			children = (
				947565261D4CF90600AC6B72 /* YMNewCareTopCell.swift */,
				947565271D4CF90600AC6B72 /* YMNewCareTopCell.xib */,
				9475652A1D4CFAD600AC6B72 /* YMNewCareBottomCell.swift */,
				9475652B1D4CFAD600AC6B72 /* YMNewCareBottomCell.xib */,
				9475652E1D4D7EC500AC6B72 /* YMCareheaderView.swift */,
			);
			path = View;
			sourceTree = "<group>";
		};
		947564E51D4BADD500AC6B72 /* Video(视频) */ = {
			isa = PBXGroup;
			children = (
				947564E61D4BADD500AC6B72 /* Controller */,
				947564E81D4BADD500AC6B72 /* Model */,
				947564E91D4BADD500AC6B72 /* View */,
			);
			path = "Video(视频)";
			sourceTree = "<group>";
		};
		947564E61D4BADD500AC6B72 /* Controller */ = {
			isa = PBXGroup;
			children = (
				947564E71D4BADD500AC6B72 /* YMVideoViewController.swift */,
			);
			path = Controller;
			sourceTree = "<group>";
		};
		947564E81D4BADD500AC6B72 /* Model */ = {
			isa = PBXGroup;
			children = (
			);
			path = Model;
			sourceTree = "<group>";
		};
		947564E91D4BADD500AC6B72 /* View */ = {
			isa = PBXGroup;
			children = (
			);
			path = View;
			sourceTree = "<group>";
		};
/* End PBXGroup section */

/* Begin PBXNativeTarget section */
		9475646B1D4B86FE00AC6B72 /* TodayNews */ = {
			isa = PBXNativeTarget;
			buildConfigurationList = 947564941D4B86FE00AC6B72 /* Build configuration list for PBXNativeTarget "TodayNews" */;
			buildPhases = (
				2CF60605EF23507CC0D33FE9 /* [CP] Check Pods Manifest.lock */,
				947564681D4B86FE00AC6B72 /* Sources */,
				947564691D4B86FE00AC6B72 /* Frameworks */,
				9475646A1D4B86FE00AC6B72 /* Resources */,
				B8824F32DBF52FD05D7FB17B /* [CP] Embed Pods Frameworks */,
				D742B3A08405C3BFDD831843 /* [CP] Copy Pods Resources */,
			);
			buildRules = (
			);
			dependencies = (
			);
			name = TodayNews;
			productName = TodayNews;
			productReference = 9475646C1D4B86FE00AC6B72 /* TodayNews.app */;
			productType = "com.apple.product-type.application";
		};
		9475647F1D4B86FE00AC6B72 /* TodayNewsTests */ = {
			isa = PBXNativeTarget;
			buildConfigurationList = 947564971D4B86FE00AC6B72 /* Build configuration list for PBXNativeTarget "TodayNewsTests" */;
			buildPhases = (
				9475647C1D4B86FE00AC6B72 /* Sources */,
				9475647D1D4B86FE00AC6B72 /* Frameworks */,
				9475647E1D4B86FE00AC6B72 /* Resources */,
			);
			buildRules = (
			);
			dependencies = (
				947564821D4B86FE00AC6B72 /* PBXTargetDependency */,
			);
			name = TodayNewsTests;
			productName = TodayNewsTests;
			productReference = 947564801D4B86FE00AC6B72 /* TodayNewsTests.xctest */;
			productType = "com.apple.product-type.bundle.unit-test";
		};
		9475648A1D4B86FE00AC6B72 /* TodayNewsUITests */ = {
			isa = PBXNativeTarget;
			buildConfigurationList = 9475649A1D4B86FE00AC6B72 /* Build configuration list for PBXNativeTarget "TodayNewsUITests" */;
			buildPhases = (
				947564871D4B86FE00AC6B72 /* Sources */,
				947564881D4B86FE00AC6B72 /* Frameworks */,
				947564891D4B86FE00AC6B72 /* Resources */,
			);
			buildRules = (
			);
			dependencies = (
				9475648D1D4B86FE00AC6B72 /* PBXTargetDependency */,
			);
			name = TodayNewsUITests;
			productName = TodayNewsUITests;
			productReference = 9475648B1D4B86FE00AC6B72 /* TodayNewsUITests.xctest */;
			productType = "com.apple.product-type.bundle.ui-testing";
		};
/* End PBXNativeTarget section */

/* Begin PBXProject section */
		947564641D4B86FE00AC6B72 /* Project object */ = {
			isa = PBXProject;
			attributes = {
				CLASSPREFIX = YM;
				LastSwiftUpdateCheck = 0730;
				LastUpgradeCheck = 0730;
				ORGANIZATIONNAME = hrscy;
				TargetAttributes = {
					9475646B1D4B86FE00AC6B72 = {
						CreatedOnToolsVersion = 7.3.1;
					};
					9475647F1D4B86FE00AC6B72 = {
						CreatedOnToolsVersion = 7.3.1;
						TestTargetID = 9475646B1D4B86FE00AC6B72;
					};
					9475648A1D4B86FE00AC6B72 = {
						CreatedOnToolsVersion = 7.3.1;
						TestTargetID = 9475646B1D4B86FE00AC6B72;
					};
				};
			};
			buildConfigurationList = 947564671D4B86FE00AC6B72 /* Build configuration list for PBXProject "TodayNews" */;
			compatibilityVersion = "Xcode 3.2";
			developmentRegion = English;
			hasScannedForEncodings = 0;
			knownRegions = (
				en,
				Base,
			);
			mainGroup = 947564631D4B86FE00AC6B72;
			productRefGroup = 9475646D1D4B86FE00AC6B72 /* Products */;
			projectDirPath = "";
			projectRoot = "";
			targets = (
				9475646B1D4B86FE00AC6B72 /* TodayNews */,
				9475647F1D4B86FE00AC6B72 /* TodayNewsTests */,
				9475648A1D4B86FE00AC6B72 /* TodayNewsUITests */,
			);
		};
/* End PBXProject section */

/* Begin PBXResourcesBuildPhase section */
		9475646A1D4B86FE00AC6B72 /* Resources */ = {
			isa = PBXResourcesBuildPhase;
			buildActionMask = 2147483647;
			files = (
				947565291D4CF90600AC6B72 /* YMNewCareTopCell.xib in Resources */,
				947565031D4C2EE800AC6B72 /* YMMineCell.xib in Resources */,
				9475647A1D4B86FE00AC6B72 /* LaunchScreen.storyboard in Resources */,
				947565131D4CAD8400AC6B72 /* YMSettingCell.xib in Resources */,
				9475652D1D4CFAD600AC6B72 /* YMNewCareBottomCell.xib in Resources */,
				947565051D4C3AA600AC6B72 /* YMMineCellPlist.plist in Resources */,
				9475650D1D4C5AA500AC6B72 /* YMSettingPlist.plist in Resources */,
				947564771D4B86FE00AC6B72 /* Assets.xcassets in Resources */,
				947565191D4CBCAA00AC6B72 /* YMAccountCell.xib in Resources */,
				252764311D4F50FB0078C143 /* YMSettingHeaderView.xib in Resources */,
				9475651F1D4CC3B700AC6B72 /* YMHelpViewController.xib in Resources */,
			);
			runOnlyForDeploymentPostprocessing = 0;
		};
		9475647E1D4B86FE00AC6B72 /* Resources */ = {
			isa = PBXResourcesBuildPhase;
			buildActionMask = 2147483647;
			files = (
			);
			runOnlyForDeploymentPostprocessing = 0;
		};
		947564891D4B86FE00AC6B72 /* Resources */ = {
			isa = PBXResourcesBuildPhase;
			buildActionMask = 2147483647;
			files = (
			);
			runOnlyForDeploymentPostprocessing = 0;
		};
/* End PBXResourcesBuildPhase section */

/* Begin PBXShellScriptBuildPhase section */
		2CF60605EF23507CC0D33FE9 /* [CP] Check Pods Manifest.lock */ = {
			isa = PBXShellScriptBuildPhase;
			buildActionMask = 2147483647;
			files = (
			);
			inputPaths = (
			);
			name = "[CP] Check Pods Manifest.lock";
			outputPaths = (
			);
			runOnlyForDeploymentPostprocessing = 0;
			shellPath = /bin/sh;
			shellScript = "diff \"${PODS_ROOT}/../Podfile.lock\" \"${PODS_ROOT}/Manifest.lock\" > /dev/null\nif [[ $? != 0 ]] ; then\n    cat << EOM\nerror: The sandbox is not in sync with the Podfile.lock. Run 'pod install' or update your CocoaPods installation.\nEOM\n    exit 1\nfi\n";
			showEnvVarsInLog = 0;
		};
		B8824F32DBF52FD05D7FB17B /* [CP] Embed Pods Frameworks */ = {
			isa = PBXShellScriptBuildPhase;
			buildActionMask = 2147483647;
			files = (
			);
			inputPaths = (
			);
			name = "[CP] Embed Pods Frameworks";
			outputPaths = (
			);
			runOnlyForDeploymentPostprocessing = 0;
			shellPath = /bin/sh;
			shellScript = "\"${SRCROOT}/Pods/Target Support Files/Pods-TodayNews/Pods-TodayNews-frameworks.sh\"\n";
			showEnvVarsInLog = 0;
		};
		D742B3A08405C3BFDD831843 /* [CP] Copy Pods Resources */ = {
			isa = PBXShellScriptBuildPhase;
			buildActionMask = 2147483647;
			files = (
			);
			inputPaths = (
			);
			name = "[CP] Copy Pods Resources";
			outputPaths = (
			);
			runOnlyForDeploymentPostprocessing = 0;
			shellPath = /bin/sh;
			shellScript = "\"${SRCROOT}/Pods/Target Support Files/Pods-TodayNews/Pods-TodayNews-resources.sh\"\n";
			showEnvVarsInLog = 0;
		};
/* End PBXShellScriptBuildPhase section */

/* Begin PBXSourcesBuildPhase section */
		947564681D4B86FE00AC6B72 /* Sources */ = {
			isa = PBXSourcesBuildPhase;
			buildActionMask = 2147483647;
			files = (
				947565071D4C3BD100AC6B72 /* YMMineCellModel.swift in Sources */,
				947564FB1D4C299C00AC6B72 /* YMMineHeaderView.swift in Sources */,
				947565121D4CAD8400AC6B72 /* YMSettingCell.swift in Sources */,
				9475651E1D4CC3B700AC6B72 /* YMHelpViewController.swift in Sources */,
				2527642F1D4F50F10078C143 /* YMSettingHeaderView.swift in Sources */,
				9475652C1D4CFAD600AC6B72 /* YMNewCareBottomCell.swift in Sources */,
				947564F91D4C274C00AC6B72 /* UIView+Extension.swift in Sources */,
				947564F01D4BADD500AC6B72 /* YMNewCareViewController.swift in Sources */,
				947564EA1D4BADD500AC6B72 /* YMHomeViewController.swift in Sources */,
				947564F11D4BADD500AC6B72 /* YMVideoViewController.swift in Sources */,
				947564FD1D4C2AA500AC6B72 /* YMMineHeaderBottomView.swift in Sources */,
				9475650F1D4CAC8E00AC6B72 /* YMSettingModel.swift in Sources */,
				947564ED1D4BADD500AC6B72 /* YMTabBarController.swift in Sources */,
				947565281D4CF90600AC6B72 /* YMNewCareTopCell.swift in Sources */,
				947565021D4C2EE800AC6B72 /* YMMineCell.swift in Sources */,
				947565151D4CB85D00AC6B72 /* YMAccountManageController.swift in Sources */,
				9475650B1D4C584C00AC6B72 /* YMSettingViewController.swift in Sources */,
				947565091D4C568100AC6B72 /* YMCollectionViewController.swift in Sources */,
				9475651B1D4CC2A900AC6B72 /* YMAutoPlayVideoController.swift in Sources */,
				947564EC1D4BADD500AC6B72 /* YMNavigationController.swift in Sources */,
				947564EF1D4BADD500AC6B72 /* YMMineViewController.swift in Sources */,
				947564EE1D4BADD500AC6B72 /* AppDelegate.swift in Sources */,
				947564F71D4C274100AC6B72 /* YMConst.swift in Sources */,
				947564EB1D4BADD500AC6B72 /* YMBaseViewController.swift in Sources */,
				947564FF1D4C2BD600AC6B72 /* YMMineHeaderIconButton.swift in Sources */,
				947565251D4CF3E900AC6B72 /* YMNetworkTool.swift in Sources */,
				947564F31D4C269D00AC6B72 /* YMVerticalButton.swift in Sources */,
				940FC7641D4E48A900F53ADE /* YMMineNoLoginHeaderView.swift in Sources */,
				9475652F1D4D7EC500AC6B72 /* YMCareheaderView.swift in Sources */,
				947565181D4CBCAA00AC6B72 /* YMAccountCell.swift in Sources */,
			);
			runOnlyForDeploymentPostprocessing = 0;
		};
		9475647C1D4B86FE00AC6B72 /* Sources */ = {
			isa = PBXSourcesBuildPhase;
			buildActionMask = 2147483647;
			files = (
				947564851D4B86FE00AC6B72 /* TodayNewsTests.swift in Sources */,
			);
			runOnlyForDeploymentPostprocessing = 0;
		};
		947564871D4B86FE00AC6B72 /* Sources */ = {
			isa = PBXSourcesBuildPhase;
			buildActionMask = 2147483647;
			files = (
				947564901D4B86FE00AC6B72 /* TodayNewsUITests.swift in Sources */,
			);
			runOnlyForDeploymentPostprocessing = 0;
		};
/* End PBXSourcesBuildPhase section */

/* Begin PBXTargetDependency section */
		947564821D4B86FE00AC6B72 /* PBXTargetDependency */ = {
			isa = PBXTargetDependency;
			target = 9475646B1D4B86FE00AC6B72 /* TodayNews */;
			targetProxy = 947564811D4B86FE00AC6B72 /* PBXContainerItemProxy */;
		};
		9475648D1D4B86FE00AC6B72 /* PBXTargetDependency */ = {
			isa = PBXTargetDependency;
			target = 9475646B1D4B86FE00AC6B72 /* TodayNews */;
			targetProxy = 9475648C1D4B86FE00AC6B72 /* PBXContainerItemProxy */;
		};
/* End PBXTargetDependency section */

/* Begin PBXVariantGroup section */
		947564781D4B86FE00AC6B72 /* LaunchScreen.storyboard */ = {
			isa = PBXVariantGroup;
			children = (
				947564791D4B86FE00AC6B72 /* Base */,
			);
			name = LaunchScreen.storyboard;
			path = ../../..;
			sourceTree = "<group>";
		};
/* End PBXVariantGroup section */

/* Begin XCBuildConfiguration section */
		947564921D4B86FE00AC6B72 /* Debug */ = {
			isa = XCBuildConfiguration;
			buildSettings = {
				ALWAYS_SEARCH_USER_PATHS = NO;
				CLANG_ANALYZER_NONNULL = YES;
				CLANG_CXX_LANGUAGE_STANDARD = "gnu++0x";
				CLANG_CXX_LIBRARY = "libc++";
				CLANG_ENABLE_MODULES = YES;
				CLANG_ENABLE_OBJC_ARC = YES;
				CLANG_WARN_BOOL_CONVERSION = YES;
				CLANG_WARN_CONSTANT_CONVERSION = YES;
				CLANG_WARN_DIRECT_OBJC_ISA_USAGE = YES_ERROR;
				CLANG_WARN_EMPTY_BODY = YES;
				CLANG_WARN_ENUM_CONVERSION = YES;
				CLANG_WARN_INT_CONVERSION = YES;
				CLANG_WARN_OBJC_ROOT_CLASS = YES_ERROR;
				CLANG_WARN_UNREACHABLE_CODE = YES;
				CLANG_WARN__DUPLICATE_METHOD_MATCH = YES;
				"CODE_SIGN_IDENTITY[sdk=iphoneos*]" = "iPhone Developer";
				COPY_PHASE_STRIP = NO;
				DEBUG_INFORMATION_FORMAT = dwarf;
				ENABLE_STRICT_OBJC_MSGSEND = YES;
				ENABLE_TESTABILITY = YES;
				GCC_C_LANGUAGE_STANDARD = gnu99;
				GCC_DYNAMIC_NO_PIC = NO;
				GCC_NO_COMMON_BLOCKS = YES;
				GCC_OPTIMIZATION_LEVEL = 0;
				GCC_PREPROCESSOR_DEFINITIONS = (
					"DEBUG=1",
					"$(inherited)",
				);
				GCC_WARN_64_TO_32_BIT_CONVERSION = YES;
				GCC_WARN_ABOUT_RETURN_TYPE = YES_ERROR;
				GCC_WARN_UNDECLARED_SELECTOR = YES;
				GCC_WARN_UNINITIALIZED_AUTOS = YES_AGGRESSIVE;
				GCC_WARN_UNUSED_FUNCTION = YES;
				GCC_WARN_UNUSED_VARIABLE = YES;
				IPHONEOS_DEPLOYMENT_TARGET = 9.3;
				MTL_ENABLE_DEBUG_INFO = YES;
				ONLY_ACTIVE_ARCH = YES;
				SDKROOT = iphoneos;
				SWIFT_OPTIMIZATION_LEVEL = "-Onone";
			};
			name = Debug;
		};
		947564931D4B86FE00AC6B72 /* Release */ = {
			isa = XCBuildConfiguration;
			buildSettings = {
				ALWAYS_SEARCH_USER_PATHS = NO;
				CLANG_ANALYZER_NONNULL = YES;
				CLANG_CXX_LANGUAGE_STANDARD = "gnu++0x";
				CLANG_CXX_LIBRARY = "libc++";
				CLANG_ENABLE_MODULES = YES;
				CLANG_ENABLE_OBJC_ARC = YES;
				CLANG_WARN_BOOL_CONVERSION = YES;
				CLANG_WARN_CONSTANT_CONVERSION = YES;
				CLANG_WARN_DIRECT_OBJC_ISA_USAGE = YES_ERROR;
				CLANG_WARN_EMPTY_BODY = YES;
				CLANG_WARN_ENUM_CONVERSION = YES;
				CLANG_WARN_INT_CONVERSION = YES;
				CLANG_WARN_OBJC_ROOT_CLASS = YES_ERROR;
				CLANG_WARN_UNREACHABLE_CODE = YES;
				CLANG_WARN__DUPLICATE_METHOD_MATCH = YES;
				"CODE_SIGN_IDENTITY[sdk=iphoneos*]" = "iPhone Developer";
				COPY_PHASE_STRIP = NO;
				DEBUG_INFORMATION_FORMAT = "dwarf-with-dsym";
				ENABLE_NS_ASSERTIONS = NO;
				ENABLE_STRICT_OBJC_MSGSEND = YES;
				GCC_C_LANGUAGE_STANDARD = gnu99;
				GCC_NO_COMMON_BLOCKS = YES;
				GCC_WARN_64_TO_32_BIT_CONVERSION = YES;
				GCC_WARN_ABOUT_RETURN_TYPE = YES_ERROR;
				GCC_WARN_UNDECLARED_SELECTOR = YES;
				GCC_WARN_UNINITIALIZED_AUTOS = YES_AGGRESSIVE;
				GCC_WARN_UNUSED_FUNCTION = YES;
				GCC_WARN_UNUSED_VARIABLE = YES;
				IPHONEOS_DEPLOYMENT_TARGET = 9.3;
				MTL_ENABLE_DEBUG_INFO = NO;
				SDKROOT = iphoneos;
				VALIDATE_PRODUCT = YES;
			};
			name = Release;
		};
		947564951D4B86FE00AC6B72 /* Debug */ = {
			isa = XCBuildConfiguration;
			baseConfigurationReference = FC9B11AC2D7AFCE523D16496 /* Pods-TodayNews.debug.xcconfig */;
			buildSettings = {
				ASSETCATALOG_COMPILER_APPICON_NAME = AppIcon;
				ASSETCATALOG_COMPILER_LAUNCHIMAGE_NAME = LaunchImage;
				INFOPLIST_FILE = TodayNews/Info.plist;
				IPHONEOS_DEPLOYMENT_TARGET = 8.0;
				LD_RUNPATH_SEARCH_PATHS = "$(inherited) @executable_path/Frameworks";
				PRODUCT_BUNDLE_IDENTIFIER = com.hrscy.TodayNews;
				PRODUCT_NAME = "$(TARGET_NAME)";
			};
			name = Debug;
		};
		947564961D4B86FE00AC6B72 /* Release */ = {
			isa = XCBuildConfiguration;
			baseConfigurationReference = 14DB40818E01E6EB10374E82 /* Pods-TodayNews.release.xcconfig */;
			buildSettings = {
				ASSETCATALOG_COMPILER_APPICON_NAME = AppIcon;
				ASSETCATALOG_COMPILER_LAUNCHIMAGE_NAME = LaunchImage;
				INFOPLIST_FILE = TodayNews/Info.plist;
				IPHONEOS_DEPLOYMENT_TARGET = 8.0;
				LD_RUNPATH_SEARCH_PATHS = "$(inherited) @executable_path/Frameworks";
				PRODUCT_BUNDLE_IDENTIFIER = com.hrscy.TodayNews;
				PRODUCT_NAME = "$(TARGET_NAME)";
			};
			name = Release;
		};
		947564981D4B86FE00AC6B72 /* Debug */ = {
			isa = XCBuildConfiguration;
			buildSettings = {
				BUNDLE_LOADER = "$(TEST_HOST)";
				INFOPLIST_FILE = TodayNewsTests/Info.plist;
				LD_RUNPATH_SEARCH_PATHS = "$(inherited) @executable_path/Frameworks @loader_path/Frameworks";
				PRODUCT_BUNDLE_IDENTIFIER = com.hrscy.TodayNewsTests;
				PRODUCT_NAME = "$(TARGET_NAME)";
				TEST_HOST = "$(BUILT_PRODUCTS_DIR)/TodayNews.app/TodayNews";
			};
			name = Debug;
		};
		947564991D4B86FE00AC6B72 /* Release */ = {
			isa = XCBuildConfiguration;
			buildSettings = {
				BUNDLE_LOADER = "$(TEST_HOST)";
				INFOPLIST_FILE = TodayNewsTests/Info.plist;
				LD_RUNPATH_SEARCH_PATHS = "$(inherited) @executable_path/Frameworks @loader_path/Frameworks";
				PRODUCT_BUNDLE_IDENTIFIER = com.hrscy.TodayNewsTests;
				PRODUCT_NAME = "$(TARGET_NAME)";
				TEST_HOST = "$(BUILT_PRODUCTS_DIR)/TodayNews.app/TodayNews";
			};
			name = Release;
		};
		9475649B1D4B86FE00AC6B72 /* Debug */ = {
			isa = XCBuildConfiguration;
			buildSettings = {
				INFOPLIST_FILE = TodayNewsUITests/Info.plist;
				LD_RUNPATH_SEARCH_PATHS = "$(inherited) @executable_path/Frameworks @loader_path/Frameworks";
				PRODUCT_BUNDLE_IDENTIFIER = com.hrscy.TodayNewsUITests;
				PRODUCT_NAME = "$(TARGET_NAME)";
				TEST_TARGET_NAME = TodayNews;
			};
			name = Debug;
		};
		9475649C1D4B86FE00AC6B72 /* Release */ = {
			isa = XCBuildConfiguration;
			buildSettings = {
				INFOPLIST_FILE = TodayNewsUITests/Info.plist;
				LD_RUNPATH_SEARCH_PATHS = "$(inherited) @executable_path/Frameworks @loader_path/Frameworks";
				PRODUCT_BUNDLE_IDENTIFIER = com.hrscy.TodayNewsUITests;
				PRODUCT_NAME = "$(TARGET_NAME)";
				TEST_TARGET_NAME = TodayNews;
			};
			name = Release;
		};
/* End XCBuildConfiguration section */

/* Begin XCConfigurationList section */
		947564671D4B86FE00AC6B72 /* Build configuration list for PBXProject "TodayNews" */ = {
			isa = XCConfigurationList;
			buildConfigurations = (
				947564921D4B86FE00AC6B72 /* Debug */,
				947564931D4B86FE00AC6B72 /* Release */,
			);
			defaultConfigurationIsVisible = 0;
			defaultConfigurationName = Release;
		};
		947564941D4B86FE00AC6B72 /* Build configuration list for PBXNativeTarget "TodayNews" */ = {
			isa = XCConfigurationList;
			buildConfigurations = (
				947564951D4B86FE00AC6B72 /* Debug */,
				947564961D4B86FE00AC6B72 /* Release */,
			);
			defaultConfigurationIsVisible = 0;
			defaultConfigurationName = Release;
		};
		947564971D4B86FE00AC6B72 /* Build configuration list for PBXNativeTarget "TodayNewsTests" */ = {
			isa = XCConfigurationList;
			buildConfigurations = (
				947564981D4B86FE00AC6B72 /* Debug */,
				947564991D4B86FE00AC6B72 /* Release */,
			);
			defaultConfigurationIsVisible = 0;
			defaultConfigurationName = Release;
		};
		9475649A1D4B86FE00AC6B72 /* Build configuration list for PBXNativeTarget "TodayNewsUITests" */ = {
			isa = XCConfigurationList;
			buildConfigurations = (
				9475649B1D4B86FE00AC6B72 /* Debug */,
				9475649C1D4B86FE00AC6B72 /* Release */,
			);
			defaultConfigurationIsVisible = 0;
			defaultConfigurationName = Release;
		};
/* End XCConfigurationList section */
	};
	rootObject = 947564641D4B86FE00AC6B72 /* Project object */;
}
